{
  "name": "@gfxfundamentals/live-editor",
  "version": "1.0.4",
  "lockfileVersion": 1,
  "requires": true,
  "dependencies": {
    "monaco-editor": {
      "version": "0.18.0",
      "resolved": "https://registry.npmjs.org/monaco-editor/-/monaco-editor-0.18.0.tgz",
      "integrity": "sha512-nNaKGNdeXwDxzmtrbJKn5q30jcuu+l7eMtaCDA4eLagvx66/joYvSiGkL/Nx4L0cZKM7ASu+fPIr3kmjEr5Ncg=="
    }
  }
}
