{
  "name": "@gfxfundamentals/live-editor",
  "version": "1.4.0",
  "lockfileVersion": 2,
  "requires": true,
  "packages": {
    "": {
      "name": "@gfxfundamentals/live-editor",
      "version": "1.4.0",
      "license": "MIT",
      "devDependencies": {
        "monaco-editor": "^0.41.0"
      }
    },
    "node_modules/monaco-editor": {
      "version": "0.41.0",
      "resolved": "https://registry.npmjs.org/monaco-editor/-/monaco-editor-0.41.0.tgz",
      "integrity": "sha512-1o4olnZJsiLmv5pwLEAmzHTE/5geLKQ07BrGxlF4Ri/AXAc2yyDGZwHjiTqD8D/ROKUZmwMA28A+yEowLNOEcA==",
      "dev": true
    }
  },
  "dependencies": {
    "monaco-editor": {
      "version": "0.41.0",
      "resolved": "https://registry.npmjs.org/monaco-editor/-/monaco-editor-0.41.0.tgz",
      "integrity": "sha512-1o4olnZJsiLmv5pwLEAmzHTE/5geLKQ07BrGxlF4Ri/AXAc2yyDGZwHjiTqD8D/ROKUZmwMA28A+yEowLNOEcA==",
      "dev": true
    }
  }
}
